# This file is autogenerated, do not edit; changes may be undone by the next 'dep ensure'.


[[projects]]
  branch = "master"
  digest = "1:0cc40f62e88079fab1597ddf9674f232efbf8ad201a76e2b33a2ceec856e5bd5"
  name = "github.com/Songmu/go-ltsv"
  packages = ["."]
  pruneopts = "UT"
  revision = "c30af2b7b171f5896188903b69f8afa4ef3e7daa"

[[projects]]
  branch = "master"
  digest = "1:125f098c5294814b5d9ce2194f03a435c35a6208f029e61681bed9a893d68133"
  name = "github.com/alecthomas/template"
  packages = [
    ".",
    "parse",
  ]
  pruneopts = "UT"
  revision = "fb15b899a75114aa79cc930e33c46b577cc664b1"

[[projects]]
  branch = "master"
  digest = "1:272de46b796b453a750d723a6ba064c2c1e1b579d9f1228dfab743f4dae3191d"
  name = "github.com/alecthomas/units"
  packages = ["."]
  pruneopts = "UT"
  revision = "c3de453c63f4bdb4dadffab9805ec00426c505f7"

[[projects]]
  digest = "1:d04889482897652dedae6d8575b479c06fa3eb3c3abe248163b25d3df5fab43e"
  name = "github.com/antlr/antlr4"
  packages = ["runtime/Go/antlr"]
  pruneopts = "UT"
  revision = "be58ebffde8e29c154192c019608f0a5b8e6a064"
  version = "4.7.2"

[[projects]]
  digest = "1:13885b613d7df93d61a3b19b24adf2d4229cefe5a6e19b5975e5110e4ed09f61"
  name = "github.com/antonmedv/expr"
  packages = [
    ".",
    "ast",
    "checker",
    "compiler",
    "internal/conf",
    "internal/file",
    "optimizer",
    "parser",
    "parser/gen",
    "vm",
  ]
  pruneopts = "UT"
  revision = "33a808e9f8835ba017273759a1441fb256b22ae4"
  version = "v2.1.0"

[[projects]]
  digest = "1:3e370e143ebd2c28e4185a13eb9b740ac0030700ac7736189e80bdc8dfaa6eac"
  name = "github.com/google/gopacket"
  packages = [
    ".",
    "layers",
    "pcap",
    "pcapgo",
    "reassembly",
  ]
  pruneopts = "UT"
  revision = "6d3e2615da4ed2ed2a349918fe74e7e6d03482fa"
  version = "v1.1.17"

[[projects]]
  digest = "1:582b704bebaa06b48c29b0cec224a6058a09c86883aaddabde889cd1a5f73e1b"
  name = "github.com/google/uuid"
  packages = ["."]
  pruneopts = "UT"
  revision = "0cd6bf5da1e1c83f8b45653022c74f71af0538a4"
  version = "v1.1.1"

[[projects]]
  digest = "1:0356f3312c9bd1cbeda81505b7fd437501d8e778ab66998ef69f00d7f9b3a0d7"
  name = "github.com/mattn/go-runewidth"
  packages = ["."]
  pruneopts = "UT"
  revision = "3ee7d812e62a0804a7d0a324e0249ca2db3476d3"
  version = "v0.0.4"

[[projects]]
  digest = "1:abcdbf03ca6ca13d3697e2186edc1f33863bbdac2b3a44dfa39015e8903f7409"
  name = "github.com/olekukonko/tablewriter"
  packages = ["."]
  pruneopts = "UT"
  revision = "e6d60cf7ba1f42d86d54cdf5508611c4aafb3970"
  version = "v0.0.1"

[[projects]]
  digest = "1:0608279435eb8bed4c02da73aa14509f1c9da82fa46640dec76343489b149701"
  name = "github.com/tkuchiki/alp"
  packages = [
    "errors",
    "flags",
    "helpers",
    "options",
    "parsers",
    "stats",
  ]
  pruneopts = "UT"
  revision = "9261c582275e5df02c8747a37cfb738023d7146b"
  version = "v1.0.0"

[[projects]]
  digest = "1:eeaeadfc92f0d3447540a6163c87b275f7b80fed28dea28a7258cc50b8ca76c6"
  name = "github.com/tkuchiki/go-timezone"
  packages = ["."]
  pruneopts = "UT"
  revision = "319339ee665fc4ab42353640d222d59ebe08a22d"
  version = "v0.1.4"

[[projects]]
  digest = "1:a9036906be74719fe4e2ae52d30b319448374c0c19b2351e3b003783ee7b1a8a"
  name = "github.com/tkuchiki/parsetime"
  packages = ["."]
  pruneopts = "UT"
  revision = "779b66b16aeb0ff345f18b32e0d3b0fc05011080"
  version = "v0.2"

[[projects]]
  branch = "master"
  digest = "1:1fc1c03687700856ef340d185fd0272e3de88b3a5632283ba3f148cf40c5dcc8"
  name = "golang.org/x/net"
  packages = ["bpf"]
  pruneopts = "UT"
  revision = "74dc4d7220e7acc4e100824340f3e66577424772"

[[projects]]
  branch = "master"
  digest = "1:47844666be86089349a441f5f0ece22f42a87a8cb8c9a31294c593f43209ad19"
  name = "golang.org/x/sys"
  packages = ["unix"]
  pruneopts = "UT"
  revision = "fde4db37ae7ad8191b03d30d27f258b5291ae4e3"

[[projects]]
  digest = "1:9d9ab00a80ca133b65a1d0f398c3dc2df244255e82a51784bad02cd70ed973f3"
  name = "golang.org/x/text"
  packages = [
    "internal/gen",
    "internal/triegen",
    "internal/ucd",
    "transform",
    "unicode/cldr",
    "width",
  ]
  pruneopts = "UT"
  revision = "342b2e1fbaa52c93f31447ad2c6abc048c63e475"
  version = "v0.3.2"

[[projects]]
  digest = "1:c06d9e11d955af78ac3bbb26bd02e01d2f61f689e1a3bce2ef6fb683ef8a7f2d"
  name = "gopkg.in/alecthomas/kingpin.v2"
  packages = ["."]
  pruneopts = "UT"
  revision = "947dcec5ba9c011838740e680966fd7087a71d0d"
  version = "v2.2.6"

[[projects]]
  digest = "1:4d2e5a73dc1500038e504a8d78b986630e3626dc027bc030ba5c75da257cdb96"
  name = "gopkg.in/yaml.v2"
  packages = ["."]
  pruneopts = "UT"
  revision = "51d6538a90f86fe93ac480b35f37b2be17fef232"
  version = "v2.2.2"

[solve-meta]
  analyzer-name = "dep"
  analyzer-version = 1
  input-imports = [
    "github.com/google/gopacket",
    "github.com/google/gopacket/layers",
    "github.com/google/gopacket/pcap",
    "github.com/google/gopacket/pcapgo",
    "github.com/google/gopacket/reassembly",
    "github.com/google/uuid",
    "github.com/tkuchiki/alp/flags",
    "github.com/tkuchiki/alp/options",
    "github.com/tkuchiki/alp/parsers",
    "github.com/tkuchiki/alp/stats",
    "gopkg.in/alecthomas/kingpin.v2",
    "gopkg.in/yaml.v2",
  ]
  solver-name = "gps-cdcl"
  solver-version = 1
